
Microsoft Visual Studio Solution File, Format Version 12.00
# Visual Studio 15
VisualStudioVersion = 15.0.28307.572
MinimumVisualStudioVersion = 10.0.40219.1
Project("{FAE04EC0-301F-11D3-BF4B-00C04F79EFBC}") = "Prog3Tp2", "Prog3Tp2\Prog3Tp2.csproj", "{61E26BD8-AF4F-45F9-B30C-1CD54FE737CF}"
EndProject
Global
	GlobalSection(SolutionConfigurationPlatforms) = preSolution
		Debug|Any CPU = Debug|Any CPU
		Release|Any CPU = Release|Any CPU
	EndGlobalSection
	GlobalSection(ProjectConfigurationPlatforms) = postSolution
		{61E26BD8-AF4F-45F9-B30C-1CD54FE737CF}.Debug|Any CPU.ActiveCfg = Debug|Any CPU
		{61E26BD8-AF4F-45F9-B30C-1CD54FE737CF}.Debug|Any CPU.Build.0 = Debug|Any CPU
		{61E26BD8-AF4F-45F9-B30C-1CD54FE737CF}.Release|Any CPU.ActiveCfg = Release|Any CPU
		{61E26BD8-AF4F-45F9-B30C-1CD54FE737CF}.Release|Any CPU.Build.0 = Release|Any CPU
	EndGlobalSection
	GlobalSection(SolutionProperties) = preSolution
		HideSolutionNode = FALSE
	EndGlobalSection
	GlobalSection(ExtensibilityGlobals) = postSolution
		SolutionGuid = {46914317-1536-436B-BAD8-B57A2D1B8F8F}
	EndGlobalSection
EndGlobal
